
Microsoft Visual Studio Solution File, Format Version 12.00
# Visual Studio Version 16
VisualStudioVersion = 16.0.31019.35
MinimumVisualStudioVersion = 10.0.40219.1
Project("{9A19103F-16F7-4668-BE54-9A1E7A4F7556}") = "Bronistol", "Bronistol\Bronistol.csproj", "{FDF2F2C5-8668-4351-AAF1-B40A4ADD5528}"
EndProject
Project("{9A19103F-16F7-4668-BE54-9A1E7A4F7556}") = "Bronistol.Database", "Bronistol.Database\Bronistol.Database.csproj", "{FBDFF2C9-11C0-4146-A29A-80A0C75FF0CB}"
EndProject
Project("{9A19103F-16F7-4668-BE54-9A1E7A4F7556}") = "Bronistol.Core", "Bronistol.Core\Bronistol.Core.csproj", "{8CEE62F7-5E56-4490-B49B-D89BB7D94B90}"
EndProject
Global
	GlobalSection(SolutionConfigurationPlatforms) = preSolution
		Debug|Any CPU = Debug|Any CPU
		Release|Any CPU = Release|Any CPU
	EndGlobalSection
	GlobalSection(ProjectConfigurationPlatforms) = postSolution
		{FDF2F2C5-8668-4351-AAF1-B40A4ADD5528}.Debug|Any CPU.ActiveCfg = Debug|Any CPU
		{FDF2F2C5-8668-4351-AAF1-B40A4ADD5528}.Debug|Any CPU.Build.0 = Debug|Any CPU
		{FDF2F2C5-8668-4351-AAF1-B40A4ADD5528}.Release|Any CPU.ActiveCfg = Release|Any CPU
		{FDF2F2C5-8668-4351-AAF1-B40A4ADD5528}.Release|Any CPU.Build.0 = Release|Any CPU
		{FBDFF2C9-11C0-4146-A29A-80A0C75FF0CB}.Debug|Any CPU.ActiveCfg = Debug|Any CPU
		{FBDFF2C9-11C0-4146-A29A-80A0C75FF0CB}.Debug|Any CPU.Build.0 = Debug|Any CPU
		{FBDFF2C9-11C0-4146-A29A-80A0C75FF0CB}.Release|Any CPU.ActiveCfg = Release|Any CPU
		{FBDFF2C9-11C0-4146-A29A-80A0C75FF0CB}.Release|Any CPU.Build.0 = Release|Any CPU
		{8CEE62F7-5E56-4490-B49B-D89BB7D94B90}.Debug|Any CPU.ActiveCfg = Debug|Any CPU
		{8CEE62F7-5E56-4490-B49B-D89BB7D94B90}.Debug|Any CPU.Build.0 = Debug|Any CPU
		{8CEE62F7-5E56-4490-B49B-D89BB7D94B90}.Release|Any CPU.ActiveCfg = Release|Any CPU
		{8CEE62F7-5E56-4490-B49B-D89BB7D94B90}.Release|Any CPU.Build.0 = Release|Any CPU
	EndGlobalSection
	GlobalSection(SolutionProperties) = preSolution
		HideSolutionNode = FALSE
	EndGlobalSection
	GlobalSection(ExtensibilityGlobals) = postSolution
		SolutionGuid = {9D14CB61-5E08-44E3-AAE8-B2026184D3ED}
	EndGlobalSection
EndGlobal
